
Microsoft Visual Studio Solution File, Format Version 12.00
# Visual Studio 15
VisualStudioVersion = 15.0.28307.705
MinimumVisualStudioVersion = 10.0.40219.1
Project("{FAE04EC0-301F-11D3-BF4B-00C04F79EFBC}") = "ethosIQ-NGCC-Service", "ethosIQ-NGCC-Service\ethosIQ-NGCC-Service.csproj", "{36579B1F-915C-4B48-8D4F-E8AB1E198258}"
EndProject
Project("{FAE04EC0-301F-11D3-BF4B-00C04F79EFBC}") = "ethosIQ-NGCC-Shared", "ethosIQ-NGCC-Shared\ethosIQ-NGCC-Shared.csproj", "{32C85822-AEF3-48CF-90C1-FE6D7C710693}"
EndProject
Global
	GlobalSection(SolutionConfigurationPlatforms) = preSolution
		Debug|Any CPU = Debug|Any CPU
		Release|Any CPU = Release|Any CPU
	EndGlobalSection
	GlobalSection(ProjectConfigurationPlatforms) = postSolution
		{36579B1F-915C-4B48-8D4F-E8AB1E198258}.Debug|Any CPU.ActiveCfg = Debug|Any CPU
		{36579B1F-915C-4B48-8D4F-E8AB1E198258}.Debug|Any CPU.Build.0 = Debug|Any CPU
		{36579B1F-915C-4B48-8D4F-E8AB1E198258}.Release|Any CPU.ActiveCfg = Release|Any CPU
		{36579B1F-915C-4B48-8D4F-E8AB1E198258}.Release|Any CPU.Build.0 = Release|Any CPU
		{32C85822-AEF3-48CF-90C1-FE6D7C710693}.Debug|Any CPU.ActiveCfg = Debug|Any CPU
		{32C85822-AEF3-48CF-90C1-FE6D7C710693}.Debug|Any CPU.Build.0 = Debug|Any CPU
		{32C85822-AEF3-48CF-90C1-FE6D7C710693}.Release|Any CPU.ActiveCfg = Release|Any CPU
		{32C85822-AEF3-48CF-90C1-FE6D7C710693}.Release|Any CPU.Build.0 = Release|Any CPU
	EndGlobalSection
	GlobalSection(SolutionProperties) = preSolution
		HideSolutionNode = FALSE
	EndGlobalSection
	GlobalSection(ExtensibilityGlobals) = postSolution
		SolutionGuid = {A9D9E98D-C9E8-41A2-9097-1FFBB7CA6549}
	EndGlobalSection
EndGlobal
